
Microsoft Visual Studio Solution File, Format Version 12.00
# Visual Studio Version 16
VisualStudioVersion = 16.0.30717.126
MinimumVisualStudioVersion = 10.0.40219.1
Project("{FAE04EC0-301F-11D3-BF4B-00C04F79EFBC}") = "Timer", "Timer\Timer.csproj", "{DC1E810F-23E9-4F92-A339-11BB4966D747}"
EndProject
Global
	GlobalSection(SolutionConfigurationPlatforms) = preSolution
		Debug|Any CPU = Debug|Any CPU
		Release|Any CPU = Release|Any CPU
	EndGlobalSection
	GlobalSection(ProjectConfigurationPlatforms) = postSolution
		{DC1E810F-23E9-4F92-A339-11BB4966D747}.Debug|Any CPU.ActiveCfg = Debug|Any CPU
		{DC1E810F-23E9-4F92-A339-11BB4966D747}.Debug|Any CPU.Build.0 = Debug|Any CPU
		{DC1E810F-23E9-4F92-A339-11BB4966D747}.Release|Any CPU.ActiveCfg = Release|Any CPU
		{DC1E810F-23E9-4F92-A339-11BB4966D747}.Release|Any CPU.Build.0 = Release|Any CPU
	EndGlobalSection
	GlobalSection(SolutionProperties) = preSolution
		HideSolutionNode = FALSE
	EndGlobalSection
	GlobalSection(ExtensibilityGlobals) = postSolution
		SolutionGuid = {11550B4B-85EC-4F99-8D51-D644AB5EA375}
	EndGlobalSection
EndGlobal
